
Microsoft Visual Studio Solution File, Format Version 12.00
# Visual Studio Version 16
VisualStudioVersion = 25.0.1703.6
MinimumVisualStudioVersion = 10.0.40219.1
Project("{FAE04EC0-301F-11D3-BF4B-00C04F79EFBC}") = "Shopping.Client", "Shopping.Client\Shopping.Client.csproj", "{354B7425-9080-4100-8FD7-35CAF3C85D29}"
EndProject
Project("{FAE04EC0-301F-11D3-BF4B-00C04F79EFBC}") = "Shopping.API", "Shopping.API\Shopping.API.csproj", "{52A2C98A-CD59-4EB2-BC09-C3DCA669E496}"
EndProject
Project("{E53339B2-1760-4266-BCC7-CA923CBCF16C}") = "docker-compose", "docker-compose.dcproj", "{C15C3A65-B459-4716-B721-823A679497F9}"
EndProject
Global
	GlobalSection(SolutionConfigurationPlatforms) = preSolution
		Debug|Any CPU = Debug|Any CPU
		Release|Any CPU = Release|Any CPU
	EndGlobalSection
	GlobalSection(ProjectConfigurationPlatforms) = postSolution
		{354B7425-9080-4100-8FD7-35CAF3C85D29}.Debug|Any CPU.ActiveCfg = Debug|Any CPU
		{354B7425-9080-4100-8FD7-35CAF3C85D29}.Debug|Any CPU.Build.0 = Debug|Any CPU
		{354B7425-9080-4100-8FD7-35CAF3C85D29}.Release|Any CPU.ActiveCfg = Release|Any CPU
		{354B7425-9080-4100-8FD7-35CAF3C85D29}.Release|Any CPU.Build.0 = Release|Any CPU
		{F05E54D3-9B8E-4120-A3F7-77D002C5A6F3}.Debug|Any CPU.ActiveCfg = Debug|Any CPU
		{F05E54D3-9B8E-4120-A3F7-77D002C5A6F3}.Debug|Any CPU.Build.0 = Debug|Any CPU
		{F05E54D3-9B8E-4120-A3F7-77D002C5A6F3}.Release|Any CPU.ActiveCfg = Release|Any CPU
		{F05E54D3-9B8E-4120-A3F7-77D002C5A6F3}.Release|Any CPU.Build.0 = Release|Any CPU
		{52A2C98A-CD59-4EB2-BC09-C3DCA669E496}.Debug|Any CPU.ActiveCfg = Debug|Any CPU
		{52A2C98A-CD59-4EB2-BC09-C3DCA669E496}.Debug|Any CPU.Build.0 = Debug|Any CPU
		{52A2C98A-CD59-4EB2-BC09-C3DCA669E496}.Release|Any CPU.ActiveCfg = Release|Any CPU
		{52A2C98A-CD59-4EB2-BC09-C3DCA669E496}.Release|Any CPU.Build.0 = Release|Any CPU
		{C15C3A65-B459-4716-B721-823A679497F9}.Debug|Any CPU.ActiveCfg = Debug|Any CPU
		{C15C3A65-B459-4716-B721-823A679497F9}.Debug|Any CPU.Build.0 = Debug|Any CPU
		{C15C3A65-B459-4716-B721-823A679497F9}.Release|Any CPU.ActiveCfg = Release|Any CPU
		{C15C3A65-B459-4716-B721-823A679497F9}.Release|Any CPU.Build.0 = Release|Any CPU
	EndGlobalSection
	GlobalSection(SolutionProperties) = preSolution
		HideSolutionNode = FALSE
	EndGlobalSection
	GlobalSection(ExtensibilityGlobals) = postSolution
		SolutionGuid = {29EF3DE3-67E7-4FA7-977C-1E1257A7FF74}
	EndGlobalSection
EndGlobal
